
Microsoft Visual Studio Solution File, Format Version 11.00
# Visual Studio 2010
Project("{8BC9CEB8-8B4A-11D0-8D11-00A0C91BC942}") = "Test 03", "Test 03.vcxproj", "{70C16F00-37F3-421E-897A-66F6BB6C3075}"
EndProject
Global
	GlobalSection(SolutionConfigurationPlatforms) = preSolution
		Debug|Win32 = Debug|Win32
		Release|Win32 = Release|Win32
	EndGlobalSection
	GlobalSection(ProjectConfigurationPlatforms) = postSolution
		{70C16F00-37F3-421E-897A-66F6BB6C3075}.Debug|Win32.ActiveCfg = Debug|Win32
		{70C16F00-37F3-421E-897A-66F6BB6C3075}.Debug|Win32.Build.0 = Debug|Win32
		{70C16F00-37F3-421E-897A-66F6BB6C3075}.Release|Win32.ActiveCfg = Release|Win32
		{70C16F00-37F3-421E-897A-66F6BB6C3075}.Release|Win32.Build.0 = Release|Win32
	EndGlobalSection
	GlobalSection(SolutionProperties) = preSolution
		HideSolutionNode = FALSE
	EndGlobalSection
EndGlobal
