
Microsoft Visual Studio Solution File, Format Version 11.00
# Visual Studio 2010
Project("{8BC9CEB8-8B4A-11D0-8D11-00A0C91BC942}") = "Test01", "Test01.vcxproj", "{B997EC36-9CC2-4A63-8BEE-CF698666E8CB}"
EndProject
Global
	GlobalSection(SolutionConfigurationPlatforms) = preSolution
		Debug|Win32 = Debug|Win32
		Release|Win32 = Release|Win32
	EndGlobalSection
	GlobalSection(ProjectConfigurationPlatforms) = postSolution
		{B997EC36-9CC2-4A63-8BEE-CF698666E8CB}.Debug|Win32.ActiveCfg = Debug|Win32
		{B997EC36-9CC2-4A63-8BEE-CF698666E8CB}.Debug|Win32.Build.0 = Debug|Win32
		{B997EC36-9CC2-4A63-8BEE-CF698666E8CB}.Release|Win32.ActiveCfg = Release|Win32
		{B997EC36-9CC2-4A63-8BEE-CF698666E8CB}.Release|Win32.Build.0 = Release|Win32
	EndGlobalSection
	GlobalSection(SolutionProperties) = preSolution
		HideSolutionNode = FALSE
	EndGlobalSection
EndGlobal
