
Microsoft Visual Studio Solution File, Format Version 11.00
# Visual Studio 2010
Project("{8BC9CEB8-8B4A-11D0-8D11-00A0C91BC942}") = "Lab15", "Lab15.vcxproj", "{76C3B72D-3EBB-40ED-BB8B-8FD0755A7462}"
EndProject
Global
	GlobalSection(SolutionConfigurationPlatforms) = preSolution
		Debug|Win32 = Debug|Win32
		Release|Win32 = Release|Win32
	EndGlobalSection
	GlobalSection(ProjectConfigurationPlatforms) = postSolution
		{76C3B72D-3EBB-40ED-BB8B-8FD0755A7462}.Debug|Win32.ActiveCfg = Debug|Win32
		{76C3B72D-3EBB-40ED-BB8B-8FD0755A7462}.Debug|Win32.Build.0 = Debug|Win32
		{76C3B72D-3EBB-40ED-BB8B-8FD0755A7462}.Release|Win32.ActiveCfg = Release|Win32
		{76C3B72D-3EBB-40ED-BB8B-8FD0755A7462}.Release|Win32.Build.0 = Release|Win32
	EndGlobalSection
	GlobalSection(SolutionProperties) = preSolution
		HideSolutionNode = FALSE
	EndGlobalSection
EndGlobal
