
Microsoft Visual Studio Solution File, Format Version 11.00
# Visual Studio 2010
Project("{8BC9CEB8-8B4A-11D0-8D11-00A0C91BC942}") = "Lab04a", "Lab04a.vcxproj", "{0511F1CF-D6CB-4338-AE40-3370C1B1AD92}"
EndProject
Project("{8BC9CEB8-8B4A-11D0-8D11-00A0C91BC942}") = "Lab04b", "Lab04b.vcxproj", "{8047C6A9-A03B-4F32-BB34-B8DEDDA59C02}"
EndProject
Global
	GlobalSection(SolutionConfigurationPlatforms) = preSolution
		Debug|Win32 = Debug|Win32
		Release|Win32 = Release|Win32
	EndGlobalSection
	GlobalSection(ProjectConfigurationPlatforms) = postSolution
		{0511F1CF-D6CB-4338-AE40-3370C1B1AD92}.Debug|Win32.ActiveCfg = Debug|Win32
		{0511F1CF-D6CB-4338-AE40-3370C1B1AD92}.Debug|Win32.Build.0 = Debug|Win32
		{0511F1CF-D6CB-4338-AE40-3370C1B1AD92}.Release|Win32.ActiveCfg = Release|Win32
		{0511F1CF-D6CB-4338-AE40-3370C1B1AD92}.Release|Win32.Build.0 = Release|Win32
		{8047C6A9-A03B-4F32-BB34-B8DEDDA59C02}.Debug|Win32.ActiveCfg = Debug|Win32
		{8047C6A9-A03B-4F32-BB34-B8DEDDA59C02}.Debug|Win32.Build.0 = Debug|Win32
		{8047C6A9-A03B-4F32-BB34-B8DEDDA59C02}.Release|Win32.ActiveCfg = Release|Win32
		{8047C6A9-A03B-4F32-BB34-B8DEDDA59C02}.Release|Win32.Build.0 = Release|Win32
	EndGlobalSection
	GlobalSection(SolutionProperties) = preSolution
		HideSolutionNode = FALSE
	EndGlobalSection
EndGlobal
